
Microsoft Visual Studio Solution File, Format Version 12.00
# Visual Studio Version 17
VisualStudioVersion = 17.8.0.0
MinimumVisualStudioVersion = 10.0.40219.1
Project("{9A19103F-16F7-4668-BE54-9A1E7A4F7556}") = "Enactive.Core", "src\Enactive.Core\Enactive.Core.csproj", "{11111111-1111-1111-1111-111111110001}"
EndProject
Project("{9A19103F-16F7-4668-BE54-9A1E7A4F7556}") = "Enactive.Providers", "src\Enactive.Providers\Enactive.Providers.csproj", "{11111111-1111-1111-1111-111111110002}"
EndProject
Project("{9A19103F-16F7-4668-BE54-9A1E7A4F7556}") = "Enactive.Tools", "src\Enactive.Tools\Enactive.Tools.csproj", "{11111111-1111-1111-1111-111111110003}"
EndProject
Project("{9A19103F-16F7-4668-BE54-9A1E7A4F7556}") = "Enactive.Workspace", "src\Enactive.Workspace\Enactive.Workspace.csproj", "{11111111-1111-1111-1111-111111110004}"
EndProject
Project("{9A19103F-16F7-4668-BE54-9A1E7A4F7556}") = "Enactive.Agents", "src\Enactive.Agents\Enactive.Agents.csproj", "{11111111-1111-1111-1111-111111110005}"
EndProject
Project("{9A19103F-16F7-4668-BE54-9A1E7A4F7556}") = "Enactive.App.Console", "src\Enactive.App.Console\Enactive.App.Console.csproj", "{11111111-1111-1111-1111-111111110006}"
EndProject
Project("{9A19103F-16F7-4668-BE54-9A1E7A4F7556}") = "Enactive.App.Ui", "src\Enactive.App.Ui\Enactive.App.Ui.csproj", "{11111111-1111-1111-1111-111111110007}"
EndProject
Project("{2150E333-8FDC-42A3-9474-1A3956D46DE8}") = "tests", "tests", "{0AB3BF05-4346-4AA6-1389-037BE0695223}"
EndProject
Project("{FAE04EC0-301F-11D3-BF4B-00C04F79EFBC}") = "Enactive.Engine.Tests", "tests\Enactive.Engine.Tests\Enactive.Engine.Tests.csproj", "{2B9E6F0F-BF5D-4A88-BD56-961AF94BCEA6}"
EndProject
Project("{2150E333-8FDC-42A3-9474-1A3956D46DE8}") = "src", "src", "{827E0CD3-B72D-47B6-A68D-7590B98EB39B}"
EndProject
Project("{FAE04EC0-301F-11D3-BF4B-00C04F79EFBC}") = "Enactive.Mcp.TestServer", "tests\Enactive.Mcp.TestServer\Enactive.Mcp.TestServer.csproj", "{17AFDCEC-CE0F-4BC9-90D8-D33C9C89B75B}"
EndProject
Project("{FAE04EC0-301F-11D3-BF4B-00C04F79EFBC}") = "Enactive.Secrets", "src\Enactive.Secrets\Enactive.Secrets.csproj", "{D62E3D54-95FB-4BB0-A3D8-F6CD7537957A}"
EndProject
Project("{FAE04EC0-301F-11D3-BF4B-00C04F79EFBC}") = "Enactive.Remote.Contracts", "src\Enactive.Remote.Contracts\Enactive.Remote.Contracts.csproj", "{B3A5FF93-983E-475F-8D4D-C72944371E57}"
EndProject
Global
	GlobalSection(SolutionConfigurationPlatforms) = preSolution
		Debug|Any CPU = Debug|Any CPU
		Debug|x64 = Debug|x64
		Debug|x86 = Debug|x86
		Release|Any CPU = Release|Any CPU
		Release|x64 = Release|x64
		Release|x86 = Release|x86
	EndGlobalSection
	GlobalSection(ProjectConfigurationPlatforms) = postSolution
		{11111111-1111-1111-1111-111111110001}.Debug|Any CPU.ActiveCfg = Debug|Any CPU
		{11111111-1111-1111-1111-111111110001}.Debug|Any CPU.Build.0 = Debug|Any CPU
		{11111111-1111-1111-1111-111111110001}.Debug|x64.ActiveCfg = Debug|Any CPU
		{11111111-1111-1111-1111-111111110001}.Debug|x64.Build.0 = Debug|Any CPU
		{11111111-1111-1111-1111-111111110001}.Debug|x86.ActiveCfg = Debug|Any CPU
		{11111111-1111-1111-1111-111111110001}.Debug|x86.Build.0 = Debug|Any CPU
		{11111111-1111-1111-1111-111111110001}.Release|Any CPU.ActiveCfg = Release|Any CPU
		{11111111-1111-1111-1111-111111110001}.Release|Any CPU.Build.0 = Release|Any CPU
		{11111111-1111-1111-1111-111111110001}.Release|x64.ActiveCfg = Release|Any CPU
		{11111111-1111-1111-1111-111111110001}.Release|x64.Build.0 = Release|Any CPU
		{11111111-1111-1111-1111-111111110001}.Release|x86.ActiveCfg = Release|Any CPU
		{11111111-1111-1111-1111-111111110001}.Release|x86.Build.0 = Release|Any CPU
		{11111111-1111-1111-1111-111111110002}.Debug|Any CPU.ActiveCfg = Debug|Any CPU
		{11111111-1111-1111-1111-111111110002}.Debug|Any CPU.Build.0 = Debug|Any CPU
		{11111111-1111-1111-1111-111111110002}.Debug|x64.ActiveCfg = Debug|Any CPU
		{11111111-1111-1111-1111-111111110002}.Debug|x64.Build.0 = Debug|Any CPU
		{11111111-1111-1111-1111-111111110002}.Debug|x86.ActiveCfg = Debug|Any CPU
		{11111111-1111-1111-1111-111111110002}.Debug|x86.Build.0 = Debug|Any CPU
		{11111111-1111-1111-1111-111111110002}.Release|Any CPU.ActiveCfg = Release|Any CPU
		{11111111-1111-1111-1111-111111110002}.Release|Any CPU.Build.0 = Release|Any CPU
		{11111111-1111-1111-1111-111111110002}.Release|x64.ActiveCfg = Release|Any CPU
		{11111111-1111-1111-1111-111111110002}.Release|x64.Build.0 = Release|Any CPU
		{11111111-1111-1111-1111-111111110002}.Release|x86.ActiveCfg = Release|Any CPU
		{11111111-1111-1111-1111-111111110002}.Release|x86.Build.0 = Release|Any CPU
		{11111111-1111-1111-1111-111111110003}.Debug|Any CPU.ActiveCfg = Debug|Any CPU
		{11111111-1111-1111-1111-111111110003}.Debug|Any CPU.Build.0 = Debug|Any CPU
		{11111111-1111-1111-1111-111111110003}.Debug|x64.ActiveCfg = Debug|Any CPU
		{11111111-1111-1111-1111-111111110003}.Debug|x64.Build.0 = Debug|Any CPU
		{11111111-1111-1111-1111-111111110003}.Debug|x86.ActiveCfg = Debug|Any CPU
		{11111111-1111-1111-1111-111111110003}.Debug|x86.Build.0 = Debug|Any CPU
		{11111111-1111-1111-1111-111111110003}.Release|Any CPU.ActiveCfg = Release|Any CPU
		{11111111-1111-1111-1111-111111110003}.Release|Any CPU.Build.0 = Release|Any CPU
		{11111111-1111-1111-1111-111111110003}.Release|x64.ActiveCfg = Release|Any CPU
		{11111111-1111-1111-1111-111111110003}.Release|x64.Build.0 = Release|Any CPU
		{11111111-1111-1111-1111-111111110003}.Release|x86.ActiveCfg = Release|Any CPU
		{11111111-1111-1111-1111-111111110003}.Release|x86.Build.0 = Release|Any CPU
		{11111111-1111-1111-1111-111111110004}.Debug|Any CPU.ActiveCfg = Debug|Any CPU
		{11111111-1111-1111-1111-111111110004}.Debug|Any CPU.Build.0 = Debug|Any CPU
		{11111111-1111-1111-1111-111111110004}.Debug|x64.ActiveCfg = Debug|Any CPU
		{11111111-1111-1111-1111-111111110004}.Debug|x64.Build.0 = Debug|Any CPU
		{11111111-1111-1111-1111-111111110004}.Debug|x86.ActiveCfg = Debug|Any CPU
		{11111111-1111-1111-1111-111111110004}.Debug|x86.Build.0 = Debug|Any CPU
		{11111111-1111-1111-1111-111111110004}.Release|Any CPU.ActiveCfg = Release|Any CPU
		{11111111-1111-1111-1111-111111110004}.Release|Any CPU.Build.0 = Release|Any CPU
		{11111111-1111-1111-1111-111111110004}.Release|x64.ActiveCfg = Release|Any CPU
		{11111111-1111-1111-1111-111111110004}.Release|x64.Build.0 = Release|Any CPU
		{11111111-1111-1111-1111-111111110004}.Release|x86.ActiveCfg = Release|Any CPU
		{11111111-1111-1111-1111-111111110004}.Release|x86.Build.0 = Release|Any CPU
		{11111111-1111-1111-1111-111111110005}.Debug|Any CPU.ActiveCfg = Debug|Any CPU
		{11111111-1111-1111-1111-111111110005}.Debug|Any CPU.Build.0 = Debug|Any CPU
		{11111111-1111-1111-1111-111111110005}.Debug|x64.ActiveCfg = Debug|Any CPU
		{11111111-1111-1111-1111-111111110005}.Debug|x64.Build.0 = Debug|Any CPU
		{11111111-1111-1111-1111-111111110005}.Debug|x86.ActiveCfg = Debug|Any CPU
		{11111111-1111-1111-1111-111111110005}.Debug|x86.Build.0 = Debug|Any CPU
		{11111111-1111-1111-1111-111111110005}.Release|Any CPU.ActiveCfg = Release|Any CPU
		{11111111-1111-1111-1111-111111110005}.Release|Any CPU.Build.0 = Release|Any CPU
		{11111111-1111-1111-1111-111111110005}.Release|x64.ActiveCfg = Release|Any CPU
		{11111111-1111-1111-1111-111111110005}.Release|x64.Build.0 = Release|Any CPU
		{11111111-1111-1111-1111-111111110005}.Release|x86.ActiveCfg = Release|Any CPU
		{11111111-1111-1111-1111-111111110005}.Release|x86.Build.0 = Release|Any CPU
		{11111111-1111-1111-1111-111111110006}.Debug|Any CPU.ActiveCfg = Debug|Any CPU
		{11111111-1111-1111-1111-111111110006}.Debug|Any CPU.Build.0 = Debug|Any CPU
		{11111111-1111-1111-1111-111111110006}.Debug|x64.ActiveCfg = Debug|Any CPU
		{11111111-1111-1111-1111-111111110006}.Debug|x64.Build.0 = Debug|Any CPU
		{11111111-1111-1111-1111-111111110006}.Debug|x86.ActiveCfg = Debug|Any CPU
		{11111111-1111-1111-1111-111111110006}.Debug|x86.Build.0 = Debug|Any CPU
		{11111111-1111-1111-1111-111111110006}.Release|Any CPU.ActiveCfg = Release|Any CPU
		{11111111-1111-1111-1111-111111110006}.Release|Any CPU.Build.0 = Release|Any CPU
		{11111111-1111-1111-1111-111111110006}.Release|x64.ActiveCfg = Release|Any CPU
		{11111111-1111-1111-1111-111111110006}.Release|x64.Build.0 = Release|Any CPU
		{11111111-1111-1111-1111-111111110006}.Release|x86.ActiveCfg = Release|Any CPU
		{11111111-1111-1111-1111-111111110006}.Release|x86.Build.0 = Release|Any CPU
		{11111111-1111-1111-1111-111111110007}.Debug|Any CPU.ActiveCfg = Debug|Any CPU
		{11111111-1111-1111-1111-111111110007}.Debug|Any CPU.Build.0 = Debug|Any CPU
		{11111111-1111-1111-1111-111111110007}.Debug|x64.ActiveCfg = Debug|Any CPU
		{11111111-1111-1111-1111-111111110007}.Debug|x64.Build.0 = Debug|Any CPU
		{11111111-1111-1111-1111-111111110007}.Debug|x86.ActiveCfg = Debug|Any CPU
		{11111111-1111-1111-1111-111111110007}.Debug|x86.Build.0 = Debug|Any CPU
		{11111111-1111-1111-1111-111111110007}.Release|Any CPU.ActiveCfg = Release|Any CPU
		{11111111-1111-1111-1111-111111110007}.Release|Any CPU.Build.0 = Release|Any CPU
		{11111111-1111-1111-1111-111111110007}.Release|x64.ActiveCfg = Release|Any CPU
		{11111111-1111-1111-1111-111111110007}.Release|x64.Build.0 = Release|Any CPU
		{11111111-1111-1111-1111-111111110007}.Release|x86.ActiveCfg = Release|Any CPU
		{11111111-1111-1111-1111-111111110007}.Release|x86.Build.0 = Release|Any CPU
		{2B9E6F0F-BF5D-4A88-BD56-961AF94BCEA6}.Debug|Any CPU.ActiveCfg = Debug|Any CPU
		{2B9E6F0F-BF5D-4A88-BD56-961AF94BCEA6}.Debug|Any CPU.Build.0 = Debug|Any CPU
		{2B9E6F0F-BF5D-4A88-BD56-961AF94BCEA6}.Debug|x64.ActiveCfg = Debug|Any CPU
		{2B9E6F0F-BF5D-4A88-BD56-961AF94BCEA6}.Debug|x64.Build.0 = Debug|Any CPU
		{2B9E6F0F-BF5D-4A88-BD56-961AF94BCEA6}.Debug|x86.ActiveCfg = Debug|Any CPU
		{2B9E6F0F-BF5D-4A88-BD56-961AF94BCEA6}.Debug|x86.Build.0 = Debug|Any CPU
		{2B9E6F0F-BF5D-4A88-BD56-961AF94BCEA6}.Release|Any CPU.ActiveCfg = Release|Any CPU
		{2B9E6F0F-BF5D-4A88-BD56-961AF94BCEA6}.Release|Any CPU.Build.0 = Release|Any CPU
		{2B9E6F0F-BF5D-4A88-BD56-961AF94BCEA6}.Release|x64.ActiveCfg = Release|Any CPU
		{2B9E6F0F-BF5D-4A88-BD56-961AF94BCEA6}.Release|x64.Build.0 = Release|Any CPU
		{2B9E6F0F-BF5D-4A88-BD56-961AF94BCEA6}.Release|x86.ActiveCfg = Release|Any CPU
		{2B9E6F0F-BF5D-4A88-BD56-961AF94BCEA6}.Release|x86.Build.0 = Release|Any CPU
		{17AFDCEC-CE0F-4BC9-90D8-D33C9C89B75B}.Debug|Any CPU.ActiveCfg = Debug|Any CPU
		{17AFDCEC-CE0F-4BC9-90D8-D33C9C89B75B}.Debug|Any CPU.Build.0 = Debug|Any CPU
		{17AFDCEC-CE0F-4BC9-90D8-D33C9C89B75B}.Debug|x64.ActiveCfg = Debug|Any CPU
		{17AFDCEC-CE0F-4BC9-90D8-D33C9C89B75B}.Debug|x64.Build.0 = Debug|Any CPU
		{17AFDCEC-CE0F-4BC9-90D8-D33C9C89B75B}.Debug|x86.ActiveCfg = Debug|Any CPU
		{17AFDCEC-CE0F-4BC9-90D8-D33C9C89B75B}.Debug|x86.Build.0 = Debug|Any CPU
		{17AFDCEC-CE0F-4BC9-90D8-D33C9C89B75B}.Release|Any CPU.ActiveCfg = Release|Any CPU
		{17AFDCEC-CE0F-4BC9-90D8-D33C9C89B75B}.Release|Any CPU.Build.0 = Release|Any CPU
		{17AFDCEC-CE0F-4BC9-90D8-D33C9C89B75B}.Release|x64.ActiveCfg = Release|Any CPU
		{17AFDCEC-CE0F-4BC9-90D8-D33C9C89B75B}.Release|x64.Build.0 = Release|Any CPU
		{17AFDCEC-CE0F-4BC9-90D8-D33C9C89B75B}.Release|x86.ActiveCfg = Release|Any CPU
		{17AFDCEC-CE0F-4BC9-90D8-D33C9C89B75B}.Release|x86.Build.0 = Release|Any CPU
		{D62E3D54-95FB-4BB0-A3D8-F6CD7537957A}.Debug|Any CPU.ActiveCfg = Debug|Any CPU
		{D62E3D54-95FB-4BB0-A3D8-F6CD7537957A}.Debug|Any CPU.Build.0 = Debug|Any CPU
		{D62E3D54-95FB-4BB0-A3D8-F6CD7537957A}.Debug|x64.ActiveCfg = Debug|Any CPU
		{D62E3D54-95FB-4BB0-A3D8-F6CD7537957A}.Debug|x64.Build.0 = Debug|Any CPU
		{D62E3D54-95FB-4BB0-A3D8-F6CD7537957A}.Debug|x86.ActiveCfg = Debug|Any CPU
		{D62E3D54-95FB-4BB0-A3D8-F6CD7537957A}.Debug|x86.Build.0 = Debug|Any CPU
		{D62E3D54-95FB-4BB0-A3D8-F6CD7537957A}.Release|Any CPU.ActiveCfg = Release|Any CPU
		{D62E3D54-95FB-4BB0-A3D8-F6CD7537957A}.Release|Any CPU.Build.0 = Release|Any CPU
		{D62E3D54-95FB-4BB0-A3D8-F6CD7537957A}.Release|x64.ActiveCfg = Release|Any CPU
		{D62E3D54-95FB-4BB0-A3D8-F6CD7537957A}.Release|x64.Build.0 = Release|Any CPU
		{D62E3D54-95FB-4BB0-A3D8-F6CD7537957A}.Release|x86.ActiveCfg = Release|Any CPU
		{D62E3D54-95FB-4BB0-A3D8-F6CD7537957A}.Release|x86.Build.0 = Release|Any CPU
		{B3A5FF93-983E-475F-8D4D-C72944371E57}.Debug|Any CPU.ActiveCfg = Debug|Any CPU
		{B3A5FF93-983E-475F-8D4D-C72944371E57}.Debug|Any CPU.Build.0 = Debug|Any CPU
		{B3A5FF93-983E-475F-8D4D-C72944371E57}.Debug|x64.ActiveCfg = Debug|Any CPU
		{B3A5FF93-983E-475F-8D4D-C72944371E57}.Debug|x64.Build.0 = Debug|Any CPU
		{B3A5FF93-983E-475F-8D4D-C72944371E57}.Debug|x86.ActiveCfg = Debug|Any CPU
		{B3A5FF93-983E-475F-8D4D-C72944371E57}.Debug|x86.Build.0 = Debug|Any CPU
		{B3A5FF93-983E-475F-8D4D-C72944371E57}.Release|Any CPU.ActiveCfg = Release|Any CPU
		{B3A5FF93-983E-475F-8D4D-C72944371E57}.Release|Any CPU.Build.0 = Release|Any CPU
		{B3A5FF93-983E-475F-8D4D-C72944371E57}.Release|x64.ActiveCfg = Release|Any CPU
		{B3A5FF93-983E-475F-8D4D-C72944371E57}.Release|x64.Build.0 = Release|Any CPU
		{B3A5FF93-983E-475F-8D4D-C72944371E57}.Release|x86.ActiveCfg = Release|Any CPU
		{B3A5FF93-983E-475F-8D4D-C72944371E57}.Release|x86.Build.0 = Release|Any CPU
	EndGlobalSection
	GlobalSection(SolutionProperties) = preSolution
		HideSolutionNode = FALSE
	EndGlobalSection
	GlobalSection(NestedProjects) = preSolution
		{2B9E6F0F-BF5D-4A88-BD56-961AF94BCEA6} = {0AB3BF05-4346-4AA6-1389-037BE0695223}
		{17AFDCEC-CE0F-4BC9-90D8-D33C9C89B75B} = {0AB3BF05-4346-4AA6-1389-037BE0695223}
		{D62E3D54-95FB-4BB0-A3D8-F6CD7537957A} = {827E0CD3-B72D-47B6-A68D-7590B98EB39B}
		{B3A5FF93-983E-475F-8D4D-C72944371E57} = {827E0CD3-B72D-47B6-A68D-7590B98EB39B}
	EndGlobalSection
EndGlobal
