{
  "name": "enactive-remote",
  "lockfileVersion": 3,
  "requires": true,
  "packages": {
    "": {
      "name": "enactive-remote",
      "dependencies": {
        "@fontsource/inter": "5.2.5",
        "@fontsource/jetbrains-mono": "5.2.5",
        "@fontsource/space-grotesk": "5.2.5"
      }
    },
    "node_modules/@fontsource/inter": {
      "version": "5.2.5",
      "resolved": "https://registry.npmjs.org/@fontsource/inter/-/inter-5.2.5.tgz",
      "integrity": "sha512-kbsPKj0S4p44JdYRFiW78Td8Ge2sBVxi/PIBwmih+RpSXUdvS9nbs1HIiuUSPtRMi14CqLEZ/fbk7dj7vni1Sg==",
      "license": "OFL-1.1",
      "funding": {
        "url": "https://github.com/sponsors/ayuhito"
      }
    },
    "node_modules/@fontsource/jetbrains-mono": {
      "version": "5.2.5",
      "resolved": "https://registry.npmjs.org/@fontsource/jetbrains-mono/-/jetbrains-mono-5.2.5.tgz",
      "integrity": "sha512-TPZ9b/uq38RMdrlZZkl0RwN8Ju9JxuqMETrw76pUQFbGtE1QbwQaNsLlnUrACNNBNbd0NZRXiJJSkC8ajPgbew==",
      "license": "OFL-1.1",
      "funding": {
        "url": "https://github.com/sponsors/ayuhito"
      }
    },
    "node_modules/@fontsource/space-grotesk": {
      "version": "5.2.5",
      "resolved": "https://registry.npmjs.org/@fontsource/space-grotesk/-/space-grotesk-5.2.5.tgz",
      "integrity": "sha512-/9ZtHSxnBwIXbE0XD+69ww4gViWLgzMAkzHZJ8D0pNlN5nWlrDlRJGYGte0o+yxlBZZKDeXbqSP6Jh5L710d+g==",
      "license": "OFL-1.1",
      "funding": {
        "url": "https://github.com/sponsors/ayuhito"
      }
    }
  }
}
